
Microsoft Visual Studio Solution File, Format Version 12.00
# Visual Studio 15
VisualStudioVersion = 15.0.26730.16
MinimumVisualStudioVersion = 10.0.40219.1
Project("{FAE04EC0-301F-11D3-BF4B-00C04F79EFBC}") = "MyProject", "MyProject.csproj", "{0BFBF644-46D3-4226-80CC-75FE2AFD2662}"
EndProject
Global
	GlobalSection(SolutionConfigurationPlatforms) = preSolution
		Debug|Any CPU = Debug|Any CPU
		Release|Any CPU = Release|Any CPU
	EndGlobalSection
	GlobalSection(ProjectConfigurationPlatforms) = postSolution
		{0BFBF644-46D3-4226-80CC-75FE2AFD2662}.Debug|Any CPU.ActiveCfg = Debug|Any CPU
		{0BFBF644-46D3-4226-80CC-75FE2AFD2662}.Debug|Any CPU.Build.0 = Debug|Any CPU
		{0BFBF644-46D3-4226-80CC-75FE2AFD2662}.Release|Any CPU.ActiveCfg = Release|Any CPU
		{0BFBF644-46D3-4226-80CC-75FE2AFD2662}.Release|Any CPU.Build.0 = Release|Any CPU
	EndGlobalSection
	GlobalSection(SolutionProperties) = preSolution
		HideSolutionNode = FALSE
	EndGlobalSection
	GlobalSection(ExtensibilityGlobals) = postSolution
		SolutionGuid = {5E62DDAD-6FC3-40F6-BD1F-A3CB1AD68E16}
	EndGlobalSection
EndGlobal
